
Microsoft Visual Studio Solution File, Format Version 12.00
# Visual Studio 15
VisualStudioVersion = 15.0.27004.2002
MinimumVisualStudioVersion = 10.0.40219.1
Project("{FAE04EC0-301F-11D3-BF4B-00C04F79EFBC}") = "SqlScriptGenerator", "SqlScriptGenerator\SqlScriptGenerator.csproj", "{A9FD1564-F665-4294-9396-C3B4F831C292}"
EndProject
Project("{2150E333-8FDC-42A3-9474-1A3956D46DE8}") = "Solution Items", "Solution Items", "{FC8BAC0B-9798-43F3-8435-4F3B1BE30880}"
	ProjectSection(SolutionItems) = preProject
		LICENSE = LICENSE
		README.md = README.md
	EndProjectSection
EndProject
Project("{FAE04EC0-301F-11D3-BF4B-00C04F79EFBC}") = "Installer", "Installer\Installer.csproj", "{9DE61902-958F-4CA8-8B99-CF98E4E2A6A2}"
EndProject
Global
	GlobalSection(SolutionConfigurationPlatforms) = preSolution
		Debug|Any CPU = Debug|Any CPU
		Release|Any CPU = Release|Any CPU
	EndGlobalSection
	GlobalSection(ProjectConfigurationPlatforms) = postSolution
		{A9FD1564-F665-4294-9396-C3B4F831C292}.Debug|Any CPU.ActiveCfg = Debug|Any CPU
		{A9FD1564-F665-4294-9396-C3B4F831C292}.Debug|Any CPU.Build.0 = Debug|Any CPU
		{A9FD1564-F665-4294-9396-C3B4F831C292}.Release|Any CPU.ActiveCfg = Release|Any CPU
		{A9FD1564-F665-4294-9396-C3B4F831C292}.Release|Any CPU.Build.0 = Release|Any CPU
		{9DE61902-958F-4CA8-8B99-CF98E4E2A6A2}.Debug|Any CPU.ActiveCfg = Debug|Any CPU
		{9DE61902-958F-4CA8-8B99-CF98E4E2A6A2}.Debug|Any CPU.Build.0 = Debug|Any CPU
		{9DE61902-958F-4CA8-8B99-CF98E4E2A6A2}.Release|Any CPU.ActiveCfg = Release|Any CPU
		{9DE61902-958F-4CA8-8B99-CF98E4E2A6A2}.Release|Any CPU.Build.0 = Release|Any CPU
	EndGlobalSection
	GlobalSection(SolutionProperties) = preSolution
		HideSolutionNode = FALSE
	EndGlobalSection
	GlobalSection(ExtensibilityGlobals) = postSolution
		SolutionGuid = {66FB533E-FDE3-4D95-8BC0-61D3CCD98852}
	EndGlobalSection
EndGlobal
